github.com/sagernet/sing v0.8.3-0.20260315153529-ed51f65fbfde h1:RNQzlpnsXIuu1HGts/fIzJ1PR7RhrzaNlU52MDyiX1c=
github.com/sagernet/sing v0.8.3-0.20260315153529-ed51f65fbfde/go.mod h1:ARkL0gM13/Iv5VCZmci/NuoOlePoIsW0m7BWfln/Hak=
github.com/sagernet/sing-box v1.13.4/go.mod h1:ZlRKCQgJCu9ht00xse/BtsLPWYy+901l5clVvKEfJ+Y=
golang.org/x/sys v0.42.0 h1:omrd2nAlyT5ESRdCLYdm3+fMfNFE/+Rf4bDIQImRJeo=
golang.org/x/sys v0.42.0/go.mod h1:4GL1E5IUh+htKOUEOaiffhrAeqysfVGipDYzABqnCmw=
